
Microsoft Visual Studio Solution File, Format Version 12.00
# Visual Studio Version 17
VisualStudioVersion = 17.14.36414.22 d17.14
MinimumVisualStudioVersion = 10.0.40219.1
Project("{FAE04EC0-301F-11D3-BF4B-00C04F79EFBC}") = "QTokenAPI", "QTokenAPI.csproj", "{D1C768D4-7983-442F-AFCC-89629AAC394D}"
EndProject
Global
	GlobalSection(SolutionConfigurationPlatforms) = preSolution
		Debug|Any CPU = Debug|Any CPU
		Release|Any CPU = Release|Any CPU
	EndGlobalSection
	GlobalSection(ProjectConfigurationPlatforms) = postSolution
		{D1C768D4-7983-442F-AFCC-89629AAC394D}.Debug|Any CPU.ActiveCfg = Debug|Any CPU
		{D1C768D4-7983-442F-AFCC-89629AAC394D}.Debug|Any CPU.Build.0 = Debug|Any CPU
		{D1C768D4-7983-442F-AFCC-89629AAC394D}.Release|Any CPU.ActiveCfg = Release|Any CPU
		{D1C768D4-7983-442F-AFCC-89629AAC394D}.Release|Any CPU.Build.0 = Release|Any CPU
	EndGlobalSection
	GlobalSection(SolutionProperties) = preSolution
		HideSolutionNode = FALSE
	EndGlobalSection
	GlobalSection(ExtensibilityGlobals) = postSolution
		SolutionGuid = {96B46727-9999-4821-8D0B-FA2FEDEA1A27}
	EndGlobalSection
EndGlobal
